
Microsoft Visual Studio Solution File, Format Version 12.00
# Visual Studio Version 17
VisualStudioVersion = 17.11.35312.102
MinimumVisualStudioVersion = 10.0.40219.1
Project("{FAE04EC0-301F-11D3-BF4B-00C04F79EFBC}") = "backend-app", "backend-app\backend-app.csproj", "{5453DB01-4CFB-4FA6-98E2-5146EC1750C9}"
EndProject
Global
	GlobalSection(SolutionConfigurationPlatforms) = preSolution
		Debug|Any CPU = Debug|Any CPU
		Release|Any CPU = Release|Any CPU
	EndGlobalSection
	GlobalSection(ProjectConfigurationPlatforms) = postSolution
		{5453DB01-4CFB-4FA6-98E2-5146EC1750C9}.Debug|Any CPU.ActiveCfg = Debug|Any CPU
		{5453DB01-4CFB-4FA6-98E2-5146EC1750C9}.Debug|Any CPU.Build.0 = Debug|Any CPU
		{5453DB01-4CFB-4FA6-98E2-5146EC1750C9}.Release|Any CPU.ActiveCfg = Release|Any CPU
		{5453DB01-4CFB-4FA6-98E2-5146EC1750C9}.Release|Any CPU.Build.0 = Release|Any CPU
	EndGlobalSection
	GlobalSection(SolutionProperties) = preSolution
		HideSolutionNode = FALSE
	EndGlobalSection
	GlobalSection(ExtensibilityGlobals) = postSolution
		SolutionGuid = {3A4623B8-7EBF-41D3-AAE6-491B62FAA2AC}
	EndGlobalSection
EndGlobal
